
Microsoft Visual Studio Solution File, Format Version 12.00
# Visual Studio 15
VisualStudioVersion = 15.0.26730.12
MinimumVisualStudioVersion = 10.0.40219.1
Project("{FAE04EC0-301F-11D3-BF4B-00C04F79EFBC}") = "UsersMVC", "UsersMVC\UsersMVC.csproj", "{1CD0C4D9-99FE-4079-9D35-47FAE4DEC988}"
EndProject
Global
	GlobalSection(SolutionConfigurationPlatforms) = preSolution
		Debug|Any CPU = Debug|Any CPU
		Release|Any CPU = Release|Any CPU
	EndGlobalSection
	GlobalSection(ProjectConfigurationPlatforms) = postSolution
		{1CD0C4D9-99FE-4079-9D35-47FAE4DEC988}.Debug|Any CPU.ActiveCfg = Debug|Any CPU
		{1CD0C4D9-99FE-4079-9D35-47FAE4DEC988}.Debug|Any CPU.Build.0 = Debug|Any CPU
		{1CD0C4D9-99FE-4079-9D35-47FAE4DEC988}.Release|Any CPU.ActiveCfg = Release|Any CPU
		{1CD0C4D9-99FE-4079-9D35-47FAE4DEC988}.Release|Any CPU.Build.0 = Release|Any CPU
	EndGlobalSection
	GlobalSection(SolutionProperties) = preSolution
		HideSolutionNode = FALSE
	EndGlobalSection
	GlobalSection(ExtensibilityGlobals) = postSolution
		SolutionGuid = {911E7E95-6F6F-4B20-A2F9-A24386088C6A}
	EndGlobalSection
EndGlobal
